// !$*UTF8*$!
{
	archiveVersion = 1;
	classes = {
	};
	objectVersion = 77;
	objects = {

/* Begin PBXBuildFile section */
		43926CED2ED4D2BD00E54A1C /* SavingsOverview.xcdatamodeld in Sources */ = {isa = PBXBuildFile; fileRef = 43926CEB2ED4D2BD00E54A1C /* SavingsOverview.xcdatamodeld */; };
/* End PBXBuildFile section */

/* Begin PBXContainerItemProxy section */
		43926CF32ED4D2BD00E54A1C /* PBXContainerItemProxy */ = {
			isa = PBXContainerItemProxy;
			containerPortal = 43926CD82ED4D2BA00E54A1C /* Project object */;
			proxyType = 1;
			remoteGlobalIDString = 43926CDF2ED4D2BA00E54A1C;
			remoteInfo = SavingsOverview;
		};
		43926CFD2ED4D2BD00E54A1C /* PBXContainerItemProxy */ = {
			isa = PBXContainerItemProxy;
			containerPortal = 43926CD82ED4D2BA00E54A1C /* Project object */;
			proxyType = 1;
			remoteGlobalIDString = 43926CDF2ED4D2BA00E54A1C;
			remoteInfo = SavingsOverview;
		};
/* End PBXContainerItemProxy section */

/* Begin PBXFileReference section */
		43926CE02ED4D2BA00E54A1C /* SavingsOverview.app */ = {isa = PBXFileReference; explicitFileType = wrapper.application; includeInIndex = 0; path = SavingsOverview.app; sourceTree = BUILT_PRODUCTS_DIR; };
		43926CEC2ED4D2BD00E54A1C /* SavingsOverview.xcdatamodel */ = {isa = PBXFileReference; lastKnownFileType = wrapper.xcdatamodel; path = SavingsOverview.xcdatamodel; sourceTree = "<group>"; };
		43926CF22ED4D2BD00E54A1C /* SavingsOverviewTests.xctest */ = {isa = PBXFileReference; explicitFileType = wrapper.cfbundle; includeInIndex = 0; path = SavingsOverviewTests.xctest; sourceTree = BUILT_PRODUCTS_DIR; };
		43926CFC2ED4D2BD00E54A1C /* SavingsOverviewUITests.xctest */ = {isa = PBXFileReference; explicitFileType = wrapper.cfbundle; includeInIndex = 0; path = SavingsOverviewUITests.xctest; sourceTree = BUILT_PRODUCTS_DIR; };
		43926D202ED4D32D00E54A1C /* SavingsOverview */ = {isa = PBXFileReference; lastKnownFileType = wrapper; path = SavingsOverview; sourceTree = "<group>"; };
/* End PBXFileReference section */

/* Begin PBXFrameworksBuildPhase section */
		43926CDD2ED4D2BA00E54A1C /* Frameworks */ = {
			isa = PBXFrameworksBuildPhase;
			buildActionMask = 2147483647;
			files = (
			);
			runOnlyForDeploymentPostprocessing = 0;
		};
		43926CEF2ED4D2BD00E54A1C /* Frameworks */ = {
			isa = PBXFrameworksBuildPhase;
			buildActionMask = 2147483647;
			files = (
			);
			runOnlyForDeploymentPostprocessing = 0;
		};
		43926CF92ED4D2BD00E54A1C /* Frameworks */ = {
			isa = PBXFrameworksBuildPhase;
			buildActionMask = 2147483647;
			files = (
			);
			runOnlyForDeploymentPostprocessing = 0;
		};
/* End PBXFrameworksBuildPhase section */

/* Begin PBXGroup section */
		43926CD72ED4D2BA00E54A1C = {
			isa = PBXGroup;
			children = (
				43926D202ED4D32D00E54A1C /* SavingsOverview */,
				43926CE12ED4D2BA00E54A1C /* Products */,
				43926CEB2ED4D2BD00E54A1C /* SavingsOverview.xcdatamodeld */,
			);
			sourceTree = "<group>";
		};
		43926CE12ED4D2BA00E54A1C /* Products */ = {
			isa = PBXGroup;
			children = (
				43926CE02ED4D2BA00E54A1C /* SavingsOverview.app */,
				43926CF22ED4D2BD00E54A1C /* SavingsOverviewTests.xctest */,
				43926CFC2ED4D2BD00E54A1C /* SavingsOverviewUITests.xctest */,
			);
			name = Products;
			sourceTree = "<group>";
		};
/* End PBXGroup section */

/* Begin PBXNativeTarget section */
		43926CDF2ED4D2BA00E54A1C /* SavingsOverview */ = {
			isa = PBXNativeTarget;
			buildConfigurationList = 43926D062ED4D2BD00E54A1C /* Build configuration list for PBXNativeTarget "SavingsOverview" */;
			buildPhases = (
				43926CDC2ED4D2BA00E54A1C /* Sources */,
				43926CDD2ED4D2BA00E54A1C /* Frameworks */,
				43926CDE2ED4D2BA00E54A1C /* Resources */,
			);
			buildRules = (
			);
			dependencies = (
			);
			name = SavingsOverview;
			packageProductDependencies = (
			);
			productName = SavingsOverview;
			productReference = 43926CE02ED4D2BA00E54A1C /* SavingsOverview.app */;
			productType = "com.apple.product-type.application";
		};
		43926CF12ED4D2BD00E54A1C /* SavingsOverviewTests */ = {
			isa = PBXNativeTarget;
			buildConfigurationList = 43926D092ED4D2BD00E54A1C /* Build configuration list for PBXNativeTarget "SavingsOverviewTests" */;
			buildPhases = (
				43926CEE2ED4D2BD00E54A1C /* Sources */,
				43926CEF2ED4D2BD00E54A1C /* Frameworks */,
				43926CF02ED4D2BD00E54A1C /* Resources */,
			);
			buildRules = (
			);
			dependencies = (
				43926CF42ED4D2BD00E54A1C /* PBXTargetDependency */,
			);
			name = SavingsOverviewTests;
			packageProductDependencies = (
			);
			productName = SavingsOverviewTests;
			productReference = 43926CF22ED4D2BD00E54A1C /* SavingsOverviewTests.xctest */;
			productType = "com.apple.product-type.bundle.unit-test";
		};
		43926CFB2ED4D2BD00E54A1C /* SavingsOverviewUITests */ = {
			isa = PBXNativeTarget;
			buildConfigurationList = 43926D0C2ED4D2BD00E54A1C /* Build configuration list for PBXNativeTarget "SavingsOverviewUITests" */;
			buildPhases = (
				43926CF82ED4D2BD00E54A1C /* Sources */,
				43926CF92ED4D2BD00E54A1C /* Frameworks */,
				43926CFA2ED4D2BD00E54A1C /* Resources */,
			);
			buildRules = (
			);
			dependencies = (
				43926CFE2ED4D2BD00E54A1C /* PBXTargetDependency */,
			);
			name = SavingsOverviewUITests;
			packageProductDependencies = (
			);
			productName = SavingsOverviewUITests;
			productReference = 43926CFC2ED4D2BD00E54A1C /* SavingsOverviewUITests.xctest */;
			productType = "com.apple.product-type.bundle.ui-testing";
		};
/* End PBXNativeTarget section */

/* Begin PBXProject section */
		43926CD82ED4D2BA00E54A1C /* Project object */ = {
			isa = PBXProject;
			attributes = {
				BuildIndependentTargetsInParallel = 1;
				LastSwiftUpdateCheck = 1640;
				LastUpgradeCheck = 1640;
				TargetAttributes = {
					43926CDF2ED4D2BA00E54A1C = {
						CreatedOnToolsVersion = 16.4;
						LastSwiftMigration = 1640;
					};
					43926CF12ED4D2BD00E54A1C = {
						CreatedOnToolsVersion = 16.4;
						TestTargetID = 43926CDF2ED4D2BA00E54A1C;
					};
					43926CFB2ED4D2BD00E54A1C = {
						CreatedOnToolsVersion = 16.4;
						TestTargetID = 43926CDF2ED4D2BA00E54A1C;
					};
				};
			};
			buildConfigurationList = 43926CDB2ED4D2BA00E54A1C /* Build configuration list for PBXProject "SavingsOverview" */;
			developmentRegion = en;
			hasScannedForEncodings = 0;
			knownRegions = (
				en,
				Base,
			);
			mainGroup = 43926CD72ED4D2BA00E54A1C;
			minimizedProjectReferenceProxies = 1;
			preferredProjectObjectVersion = 77;
			productRefGroup = 43926CE12ED4D2BA00E54A1C /* Products */;
			projectDirPath = "";
			projectRoot = "";
			targets = (
				43926CDF2ED4D2BA00E54A1C /* SavingsOverview */,
				43926CF12ED4D2BD00E54A1C /* SavingsOverviewTests */,
				43926CFB2ED4D2BD00E54A1C /* SavingsOverviewUITests */,
			);
		};
/* End PBXProject section */

/* Begin PBXResourcesBuildPhase section */
		43926CDE2ED4D2BA00E54A1C /* Resources */ = {
			isa = PBXResourcesBuildPhase;
			buildActionMask = 2147483647;
			files = (
			);
			runOnlyForDeploymentPostprocessing = 0;
		};
		43926CF02ED4D2BD00E54A1C /* Resources */ = {
			isa = PBXResourcesBuildPhase;
			buildActionMask = 2147483647;
			files = (
			);
			runOnlyForDeploymentPostprocessing = 0;
		};
		43926CFA2ED4D2BD00E54A1C /* Resources */ = {
			isa = PBXResourcesBuildPhase;
			buildActionMask = 2147483647;
			files = (
			);
			runOnlyForDeploymentPostprocessing = 0;
		};
/* End PBXResourcesBuildPhase section */

/* Begin PBXSourcesBuildPhase section */
		43926CDC2ED4D2BA00E54A1C /* Sources */ = {
			isa = PBXSourcesBuildPhase;
			buildActionMask = 2147483647;
			files = (
				43926CED2ED4D2BD00E54A1C /* SavingsOverview.xcdatamodeld in Sources */,
			);
			runOnlyForDeploymentPostprocessing = 0;
		};
		43926CEE2ED4D2BD00E54A1C /* Sources */ = {
			isa = PBXSourcesBuildPhase;
			buildActionMask = 2147483647;
			files = (
			);
			runOnlyForDeploymentPostprocessing = 0;
		};
		43926CF82ED4D2BD00E54A1C /* Sources */ = {
			isa = PBXSourcesBuildPhase;
			buildActionMask = 2147483647;
			files = (
			);
			runOnlyForDeploymentPostprocessing = 0;
		};
/* End PBXSourcesBuildPhase section */

/* Begin PBXTargetDependency section */
		43926CF42ED4D2BD00E54A1C /* PBXTargetDependency */ = {
			isa = PBXTargetDependency;
			target = 43926CDF2ED4D2BA00E54A1C /* SavingsOverview */;
			targetProxy = 43926CF32ED4D2BD00E54A1C /* PBXContainerItemProxy */;
		};
		43926CFE2ED4D2BD00E54A1C /* PBXTargetDependency */ = {
			isa = PBXTargetDependency;
			target = 43926CDF2ED4D2BA00E54A1C /* SavingsOverview */;
			targetProxy = 43926CFD2ED4D2BD00E54A1C /* PBXContainerItemProxy */;
		};
/* End PBXTargetDependency section */

/* Begin XCBuildConfiguration section */
		43926D042ED4D2BD00E54A1C /* Debug */ = {
			isa = XCBuildConfiguration;
			buildSettings = {
				ALWAYS_SEARCH_USER_PATHS = NO;
				ASSETCATALOG_COMPILER_GENERATE_SWIFT_ASSET_SYMBOL_EXTENSIONS = YES;
				CLANG_ANALYZER_NONNULL = YES;
				CLANG_ANALYZER_NUMBER_OBJECT_CONVERSION = YES_AGGRESSIVE;
				CLANG_CXX_LANGUAGE_STANDARD = "gnu++20";
				CLANG_ENABLE_MODULES = YES;
				CLANG_ENABLE_OBJC_ARC = YES;
				CLANG_ENABLE_OBJC_WEAK = YES;
				CLANG_WARN_BLOCK_CAPTURE_AUTORELEASING = YES;
				CLANG_WARN_BOOL_CONVERSION = YES;
				CLANG_WARN_COMMA = YES;
				CLANG_WARN_CONSTANT_CONVERSION = YES;
				CLANG_WARN_DEPRECATED_OBJC_IMPLEMENTATIONS = YES;
				CLANG_WARN_DIRECT_OBJC_ISA_USAGE = YES_ERROR;
				CLANG_WARN_DOCUMENTATION_COMMENTS = YES;
				CLANG_WARN_EMPTY_BODY = YES;
				CLANG_WARN_ENUM_CONVERSION = YES;
				CLANG_WARN_INFINITE_RECURSION = YES;
				CLANG_WARN_INT_CONVERSION = YES;
				CLANG_WARN_NON_LITERAL_NULL_CONVERSION = YES;
				CLANG_WARN_OBJC_IMPLICIT_RETAIN_SELF = YES;
				CLANG_WARN_OBJC_LITERAL_CONVERSION = YES;
				CLANG_WARN_OBJC_ROOT_CLASS = YES_ERROR;
				CLANG_WARN_QUOTED_INCLUDE_IN_FRAMEWORK_HEADER = YES;
				CLANG_WARN_RANGE_LOOP_ANALYSIS = YES;
				CLANG_WARN_STRICT_PROTOTYPES = YES;
				CLANG_WARN_SUSPICIOUS_MOVE = YES;
				CLANG_WARN_UNGUARDED_AVAILABILITY = YES_AGGRESSIVE;
				CLANG_WARN_UNREACHABLE_CODE = YES;
				CLANG_WARN__DUPLICATE_METHOD_MATCH = YES;
				COPY_PHASE_STRIP = NO;
				DEBUG_INFORMATION_FORMAT = dwarf;
				DEVELOPMENT_TEAM = 9XS2J9AH36;
				ENABLE_STRICT_OBJC_MSGSEND = YES;
				ENABLE_TESTABILITY = YES;
				ENABLE_USER_SCRIPT_SANDBOXING = YES;
				GCC_C_LANGUAGE_STANDARD = gnu17;
				GCC_DYNAMIC_NO_PIC = NO;
				GCC_NO_COMMON_BLOCKS = YES;
				GCC_OPTIMIZATION_LEVEL = 0;
				GCC_PREPROCESSOR_DEFINITIONS = (
					"DEBUG=1",
					"$(inherited)",
				);
				GCC_WARN_64_TO_32_BIT_CONVERSION = YES;
				GCC_WARN_ABOUT_RETURN_TYPE = YES_ERROR;
				GCC_WARN_UNDECLARED_SELECTOR = YES;
				GCC_WARN_UNINITIALIZED_AUTOS = YES_AGGRESSIVE;
				GCC_WARN_UNUSED_FUNCTION = YES;
				GCC_WARN_UNUSED_VARIABLE = YES;
				IPHONEOS_DEPLOYMENT_TARGET = 18.5;
				LOCALIZATION_PREFERS_STRING_CATALOGS = YES;
				MTL_ENABLE_DEBUG_INFO = INCLUDE_SOURCE;
				MTL_FAST_MATH = YES;
				ONLY_ACTIVE_ARCH = YES;
				SDKROOT = iphoneos;
				SWIFT_ACTIVE_COMPILATION_CONDITIONS = "DEBUG $(inherited)";
				SWIFT_OPTIMIZATION_LEVEL = "-Onone";
			};
			name = Debug;
		};
		43926D052ED4D2BD00E54A1C /* Release */ = {
			isa = XCBuildConfiguration;
			buildSettings = {
				ALWAYS_SEARCH_USER_PATHS = NO;
				ASSETCATALOG_COMPILER_GENERATE_SWIFT_ASSET_SYMBOL_EXTENSIONS = YES;
				CLANG_ANALYZER_NONNULL = YES;
				CLANG_ANALYZER_NUMBER_OBJECT_CONVERSION = YES_AGGRESSIVE;
				CLANG_CXX_LANGUAGE_STANDARD = "gnu++20";
				CLANG_ENABLE_MODULES = YES;
				CLANG_ENABLE_OBJC_ARC = YES;
				CLANG_ENABLE_OBJC_WEAK = YES;
				CLANG_WARN_BLOCK_CAPTURE_AUTORELEASING = YES;
				CLANG_WARN_BOOL_CONVERSION = YES;
				CLANG_WARN_COMMA = YES;
				CLANG_WARN_CONSTANT_CONVERSION = YES;
				CLANG_WARN_DEPRECATED_OBJC_IMPLEMENTATIONS = YES;
				CLANG_WARN_DIRECT_OBJC_ISA_USAGE = YES_ERROR;
				CLANG_WARN_DOCUMENTATION_COMMENTS = YES;
				CLANG_WARN_EMPTY_BODY = YES;
				CLANG_WARN_ENUM_CONVERSION = YES;
				CLANG_WARN_INFINITE_RECURSION = YES;
				CLANG_WARN_INT_CONVERSION = YES;
				CLANG_WARN_NON_LITERAL_NULL_CONVERSION = YES;
				CLANG_WARN_OBJC_IMPLICIT_RETAIN_SELF = YES;
				CLANG_WARN_OBJC_LITERAL_CONVERSION = YES;
				CLANG_WARN_OBJC_ROOT_CLASS = YES_ERROR;
				CLANG_WARN_QUOTED_INCLUDE_IN_FRAMEWORK_HEADER = YES;
				CLANG_WARN_RANGE_LOOP_ANALYSIS = YES;
				CLANG_WARN_STRICT_PROTOTYPES = YES;
				CLANG_WARN_SUSPICIOUS_MOVE = YES;
				CLANG_WARN_UNGUARDED_AVAILABILITY = YES_AGGRESSIVE;
				CLANG_WARN_UNREACHABLE_CODE = YES;
				CLANG_WARN__DUPLICATE_METHOD_MATCH = YES;
				COPY_PHASE_STRIP = NO;
				DEBUG_INFORMATION_FORMAT = "dwarf-with-dsym";
				DEVELOPMENT_TEAM = 9XS2J9AH36;
				ENABLE_NS_ASSERTIONS = NO;
				ENABLE_STRICT_OBJC_MSGSEND = YES;
				ENABLE_USER_SCRIPT_SANDBOXING = YES;
				GCC_C_LANGUAGE_STANDARD = gnu17;
				GCC_NO_COMMON_BLOCKS = YES;
				GCC_WARN_64_TO_32_BIT_CONVERSION = YES;
				GCC_WARN_ABOUT_RETURN_TYPE = YES_ERROR;
				GCC_WARN_UNDECLARED_SELECTOR = YES;
				GCC_WARN_UNINITIALIZED_AUTOS = YES_AGGRESSIVE;
				GCC_WARN_UNUSED_FUNCTION = YES;
				GCC_WARN_UNUSED_VARIABLE = YES;
				IPHONEOS_DEPLOYMENT_TARGET = 18.5;
				LOCALIZATION_PREFERS_STRING_CATALOGS = YES;
				MTL_ENABLE_DEBUG_INFO = NO;
				MTL_FAST_MATH = YES;
				SDKROOT = iphoneos;
				SWIFT_COMPILATION_MODE = wholemodule;
				VALIDATE_PRODUCT = YES;
			};
			name = Release;
		};
		43926D072ED4D2BD00E54A1C /* Debug */ = {
			isa = XCBuildConfiguration;
			buildSettings = {
				ASSETCATALOG_COMPILER_APPICON_NAME = AppIcon;
				ASSETCATALOG_COMPILER_GLOBAL_ACCENT_COLOR_NAME = AccentColor;
				CLANG_ENABLE_MODULES = YES;
				CODE_SIGN_STYLE = Automatic;
				CURRENT_PROJECT_VERSION = 1;
				DEVELOPMENT_TEAM = 9XS2J9AH36;
				ENABLE_PREVIEWS = YES;
				GENERATE_INFOPLIST_FILE = YES;
				INFOPLIST_KEY_UIApplicationSceneManifest_Generation = YES;
				INFOPLIST_KEY_UIApplicationSupportsIndirectInputEvents = YES;
				INFOPLIST_KEY_UILaunchScreen_Generation = YES;
				INFOPLIST_KEY_UISupportedInterfaceOrientations_iPad = "UIInterfaceOrientationPortrait UIInterfaceOrientationPortraitUpsideDown UIInterfaceOrientationLandscapeLeft UIInterfaceOrientationLandscapeRight";
				INFOPLIST_KEY_UISupportedInterfaceOrientations_iPhone = "UIInterfaceOrientationPortrait UIInterfaceOrientationLandscapeLeft UIInterfaceOrientationLandscapeRight";
				LD_RUNPATH_SEARCH_PATHS = (
					"$(inherited)",
					"@executable_path/Frameworks",
				);
				MARKETING_VERSION = 1.0;
				PRODUCT_BUNDLE_IDENTIFIER = com.vedi.SavingsOverview;
				PRODUCT_NAME = "$(TARGET_NAME)";
				SWIFT_EMIT_LOC_STRINGS = YES;
				SWIFT_OPTIMIZATION_LEVEL = "-Onone";
				SWIFT_VERSION = 5.0;
				TARGETED_DEVICE_FAMILY = "1,2";
			};
			name = Debug;
		};
		43926D082ED4D2BD00E54A1C /* Release */ = {
			isa = XCBuildConfiguration;
			buildSettings = {
				ASSETCATALOG_COMPILER_APPICON_NAME = AppIcon;
				ASSETCATALOG_COMPILER_GLOBAL_ACCENT_COLOR_NAME = AccentColor;
				CLANG_ENABLE_MODULES = YES;
				CODE_SIGN_STYLE = Automatic;
				CURRENT_PROJECT_VERSION = 1;
				DEVELOPMENT_TEAM = 9XS2J9AH36;
				ENABLE_PREVIEWS = YES;
				GENERATE_INFOPLIST_FILE = YES;
				INFOPLIST_KEY_UIApplicationSceneManifest_Generation = YES;
				INFOPLIST_KEY_UIApplicationSupportsIndirectInputEvents = YES;
				INFOPLIST_KEY_UILaunchScreen_Generation = YES;
				INFOPLIST_KEY_UISupportedInterfaceOrientations_iPad = "UIInterfaceOrientationPortrait UIInterfaceOrientationPortraitUpsideDown UIInterfaceOrientationLandscapeLeft UIInterfaceOrientationLandscapeRight";
				INFOPLIST_KEY_UISupportedInterfaceOrientations_iPhone = "UIInterfaceOrientationPortrait UIInterfaceOrientationLandscapeLeft UIInterfaceOrientationLandscapeRight";
				LD_RUNPATH_SEARCH_PATHS = (
					"$(inherited)",
					"@executable_path/Frameworks",
				);
				MARKETING_VERSION = 1.0;
				PRODUCT_BUNDLE_IDENTIFIER = com.vedi.SavingsOverview;
				PRODUCT_NAME = "$(TARGET_NAME)";
				SWIFT_EMIT_LOC_STRINGS = YES;
				SWIFT_VERSION = 5.0;
				TARGETED_DEVICE_FAMILY = "1,2";
			};
			name = Release;
		};
		43926D0A2ED4D2BD00E54A1C /* Debug */ = {
			isa = XCBuildConfiguration;
			buildSettings = {
				BUNDLE_LOADER = "$(TEST_HOST)";
				CODE_SIGN_STYLE = Automatic;
				CURRENT_PROJECT_VERSION = 1;
				DEVELOPMENT_TEAM = 9XS2J9AH36;
				GENERATE_INFOPLIST_FILE = YES;
				IPHONEOS_DEPLOYMENT_TARGET = 18.5;
				MARKETING_VERSION = 1.0;
				PRODUCT_BUNDLE_IDENTIFIER = com.vedi.SavingsOverviewTests;
				PRODUCT_NAME = "$(TARGET_NAME)";
				SWIFT_EMIT_LOC_STRINGS = NO;
				SWIFT_VERSION = 5.0;
				TARGETED_DEVICE_FAMILY = "1,2";
				TEST_HOST = "$(BUILT_PRODUCTS_DIR)/SavingsOverview.app/$(BUNDLE_EXECUTABLE_FOLDER_PATH)/SavingsOverview";
			};
			name = Debug;
		};
		43926D0B2ED4D2BD00E54A1C /* Release */ = {
			isa = XCBuildConfiguration;
			buildSettings = {
				BUNDLE_LOADER = "$(TEST_HOST)";
				CODE_SIGN_STYLE = Automatic;
				CURRENT_PROJECT_VERSION = 1;
				DEVELOPMENT_TEAM = 9XS2J9AH36;
				GENERATE_INFOPLIST_FILE = YES;
				IPHONEOS_DEPLOYMENT_TARGET = 18.5;
				MARKETING_VERSION = 1.0;
				PRODUCT_BUNDLE_IDENTIFIER = com.vedi.SavingsOverviewTests;
				PRODUCT_NAME = "$(TARGET_NAME)";
				SWIFT_EMIT_LOC_STRINGS = NO;
				SWIFT_VERSION = 5.0;
				TARGETED_DEVICE_FAMILY = "1,2";
				TEST_HOST = "$(BUILT_PRODUCTS_DIR)/SavingsOverview.app/$(BUNDLE_EXECUTABLE_FOLDER_PATH)/SavingsOverview";
			};
			name = Release;
		};
		43926D0D2ED4D2BD00E54A1C /* Debug */ = {
			isa = XCBuildConfiguration;
			buildSettings = {
				CODE_SIGN_STYLE = Automatic;
				CURRENT_PROJECT_VERSION = 1;
				DEVELOPMENT_TEAM = 9XS2J9AH36;
				GENERATE_INFOPLIST_FILE = YES;
				MARKETING_VERSION = 1.0;
				PRODUCT_BUNDLE_IDENTIFIER = com.vedi.SavingsOverviewUITests;
				PRODUCT_NAME = "$(TARGET_NAME)";
				SWIFT_EMIT_LOC_STRINGS = NO;
				SWIFT_VERSION = 5.0;
				TARGETED_DEVICE_FAMILY = "1,2";
				TEST_TARGET_NAME = SavingsOverview;
			};
			name = Debug;
		};
		43926D0E2ED4D2BD00E54A1C /* Release */ = {
			isa = XCBuildConfiguration;
			buildSettings = {
				CODE_SIGN_STYLE = Automatic;
				CURRENT_PROJECT_VERSION = 1;
				DEVELOPMENT_TEAM = 9XS2J9AH36;
				GENERATE_INFOPLIST_FILE = YES;
				MARKETING_VERSION = 1.0;
				PRODUCT_BUNDLE_IDENTIFIER = com.vedi.SavingsOverviewUITests;
				PRODUCT_NAME = "$(TARGET_NAME)";
				SWIFT_EMIT_LOC_STRINGS = NO;
				SWIFT_VERSION = 5.0;
				TARGETED_DEVICE_FAMILY = "1,2";
				TEST_TARGET_NAME = SavingsOverview;
			};
			name = Release;
		};
/* End XCBuildConfiguration section */

/* Begin XCConfigurationList section */
		43926CDB2ED4D2BA00E54A1C /* Build configuration list for PBXProject "SavingsOverview" */ = {
			isa = XCConfigurationList;
			buildConfigurations = (
				43926D042ED4D2BD00E54A1C /* Debug */,
				43926D052ED4D2BD00E54A1C /* Release */,
			);
			defaultConfigurationIsVisible = 0;
			defaultConfigurationName = Release;
		};
		43926D062ED4D2BD00E54A1C /* Build configuration list for PBXNativeTarget "SavingsOverview" */ = {
			isa = XCConfigurationList;
			buildConfigurations = (
				43926D072ED4D2BD00E54A1C /* Debug */,
				43926D082ED4D2BD00E54A1C /* Release */,
			);
			defaultConfigurationIsVisible = 0;
			defaultConfigurationName = Release;
		};
		43926D092ED4D2BD00E54A1C /* Build configuration list for PBXNativeTarget "SavingsOverviewTests" */ = {
			isa = XCConfigurationList;
			buildConfigurations = (
				43926D0A2ED4D2BD00E54A1C /* Debug */,
				43926D0B2ED4D2BD00E54A1C /* Release */,
			);
			defaultConfigurationIsVisible = 0;
			defaultConfigurationName = Release;
		};
		43926D0C2ED4D2BD00E54A1C /* Build configuration list for PBXNativeTarget "SavingsOverviewUITests" */ = {
			isa = XCConfigurationList;
			buildConfigurations = (
				43926D0D2ED4D2BD00E54A1C /* Debug */,
				43926D0E2ED4D2BD00E54A1C /* Release */,
			);
			defaultConfigurationIsVisible = 0;
			defaultConfigurationName = Release;
		};
/* End XCConfigurationList section */

/* Begin XCVersionGroup section */
		43926CEB2ED4D2BD00E54A1C /* SavingsOverview.xcdatamodeld */ = {
			isa = XCVersionGroup;
			children = (
				43926CEC2ED4D2BD00E54A1C /* SavingsOverview.xcdatamodel */,
			);
			currentVersion = 43926CEC2ED4D2BD00E54A1C /* SavingsOverview.xcdatamodel */;
			path = SavingsOverview.xcdatamodeld;
			sourceTree = "<group>";
			versionGroupType = wrapper.xcdatamodel;
		};
/* End XCVersionGroup section */
	};
	rootObject = 43926CD82ED4D2BA00E54A1C /* Project object */;
}
